<?xml version="1.0" encoding="utf-8"?>
<Project ToolsVersion="15.0" xmlns="http://schemas.microsoft.com/developer/msbuild/2003">
  <ItemGroup>
    <ClCompile Include="src\Main.cpp">
      <Filter>Source Files</Filter>
    </ClCompile>
    <ClCompile Include="src\GameEngine\BarnabusGameEngine.cpp">
      <Filter>Source Files\GameEngine</Filter>
    </ClCompile>
  </ItemGroup>
  <ItemGroup>
    <Filter Include="Header Files">
      <UniqueIdentifier>{b1d92fff-9496-4065-98a9-f4e7baa8edae}</UniqueIdentifier>
    </Filter>
    <Filter Include="Resource Files">
      <UniqueIdentifier>{2adff385-2513-4888-9147-9a4c61944d3b}</UniqueIdentifier>
    </Filter>
    <Filter Include="Source Files">
      <UniqueIdentifier>{81343cab-fc3d-4fd3-ad29-2adee45425ed}</UniqueIdentifier>
    </Filter>
    <Filter Include="Header Files\GameEngine">
      <UniqueIdentifier>{fd1afb78-b31f-4b41-a93d-14f070bc0e82}</UniqueIdentifier>
    </Filter>
    <Filter Include="Header Files\Game">
      <UniqueIdentifier>{1388426c-cabb-436c-9bff-d21f29f739d2}</UniqueIdentifier>
    </Filter>
    <Filter Include="Source Files\GameEngine">
      <UniqueIdentifier>{5f3b7636-e37b-4f9b-a39a-b8f704370ccf}</UniqueIdentifier>
    </Filter>
    <Filter Include="Source Files\Game">
      <UniqueIdentifier>{ef758e9c-6003-4b69-a515-692bce125ed8}</UniqueIdentifier>
    </Filter>
  </ItemGroup>
  <ItemGroup>
    <ClInclude Include="src\GameEngine\BarnabusGameEngine.h">
      <Filter>Header Files\GameEngine</Filter>
    </ClInclude>
  </ItemGroup>
</Project>