<?xml version="1.0" encoding="utf-8"?>
<Project ToolsVersion="15.0" xmlns="http://schemas.microsoft.com/developer/msbuild/2003">
  <ItemGroup>
    <ClCompile Include="src\GameEngine\FreeCamera.cpp">
      <Filter>Source Files\GameEngine\Components\Camera</Filter>
    </ClCompile>
    <ClCompile Include="src\GameEngine\GLShader.cpp">
      <Filter>Source Files\GameEngine\Renderer\Shader</Filter>
    </ClCompile>
    <ClCompile Include="src\GameEngine\AnimatedModel.cpp">
      <Filter>Source Files\GameEngine\Components\Model</Filter>
    </ClCompile>
    <ClCompile Include="src\GameEngine\MeshData.cpp">
      <Filter>Source Files\GameEngine\Renderer</Filter>
    </ClCompile>
    <ClCompile Include="src\GameEngine\Model.cpp">
      <Filter>Source Files\GameEngine\Components\Model</Filter>
    </ClCompile>
    <ClCompile Include="src\GameEngine\BarnabusGameEngine.cpp">
      <Filter>Source Files\GameEngine</Filter>
    </ClCompile>
    <ClCompile Include="src\GameEngine\Entity.cpp">
      <Filter>Source Files\GameEngine\Components</Filter>
    </ClCompile>
    <ClCompile Include="src\GameEngine\Animation.cpp">
      <Filter>Source Files\GameEngine\Renderer</Filter>
    </ClCompile>
    <ClCompile Include="src\GameEngine\Animator.cpp">
      <Filter>Source Files\GameEngine\Renderer</Filter>
    </ClCompile>
    <ClCompile Include="src\GameEngine\stb_image.cpp">
      <Filter>Source Files\GameEngine\Renderer</Filter>
    </ClCompile>
    <ClCompile Include="src\GameEngine\ArcBallCamera.cpp">
      <Filter>Source Files\GameEngine\Components\Camera</Filter>
    </ClCompile>
    <ClCompile Include="src\GameEngine\Terrain.cpp">
      <Filter>Source Files\GameEngine\Components\Model</Filter>
    </ClCompile>
    <ClCompile Include="src\GameEngine\UiDisplay.cpp">
      <Filter>Source Files\GameEngine\User Interface</Filter>
    </ClCompile>
    <ClCompile Include="src\GameEngine\UiQuad.cpp">
      <Filter>Source Files\GameEngine\User Interface</Filter>
    </ClCompile>
    <ClCompile Include="src\GameEngine\FinalPassShader.cpp">
      <Filter>Source Files\GameEngine\Renderer\Shader</Filter>
    </ClCompile>
    <ClCompile Include="src\GameEngine\StringLog.cpp">
      <Filter>Source Files\GameEngine\Utils</Filter>
    </ClCompile>
    <ClCompile Include="src\GameEngine\Movement.cpp">
      <Filter>Source Files\GameEngine\Components</Filter>
    </ClCompile>
    <ClCompile Include="src\GameEngine\DirectionalLight.cpp">
      <Filter>Source Files\GameEngine\Lighting</Filter>
    </ClCompile>
    <ClCompile Include="src\GameEngine\Environment.cpp">
      <Filter>Source Files\GameEngine</Filter>
    </ClCompile>
    <ClCompile Include="src\GameEngine\Light.cpp">
      <Filter>Source Files\GameEngine\Lighting</Filter>
    </ClCompile>
    <ClCompile Include="src\GameEngine\BoundingBox.cpp">
      <Filter>Source Files\GameEngine\Components\BoundingVolumes</Filter>
    </ClCompile>
    <ClCompile Include="src\GameEngine\BoundingVolumes.cpp">
      <Filter>Source Files\GameEngine\Components\BoundingVolumes</Filter>
    </ClCompile>
    <ClCompile Include="src\GameEngine\PhysicsContainer.cpp">
      <Filter>Source Files\GameEngine\Components\Physics</Filter>
    </ClCompile>
    <ClCompile Include="src\GameEngine\Transform.cpp">
      <Filter>Source Files\GameEngine</Filter>
    </ClCompile>
    <ClCompile Include="src\GameEngine\TextQuad.cpp">
      <Filter>Source Files\GameEngine</Filter>
    </ClCompile>
    <ClCompile Include="src\GameEngine\OpenGLRenderer.cpp">
      <Filter>Source Files\GameEngine\Renderer</Filter>
    </ClCompile>
    <ClCompile Include="src\GameEngine\VulkanRenderer.cpp">
      <Filter>Source Files\GameEngine\Renderer</Filter>
    </ClCompile>
    <ClCompile Include="src\GameEngine\VulkanShader.cpp">
      <Filter>Source Files\GameEngine\Renderer\Shader</Filter>
    </ClCompile>
    <ClCompile Include="src\GameEngine\OpenGLFramebuffer.cpp">
      <Filter>Source Files\GameEngine\Renderer</Filter>
    </ClCompile>
    <ClCompile Include="src\GameEngine\OpenGLTexture.cpp">
      <Filter>Source Files\GameEngine\Renderer</Filter>
    </ClCompile>
    <ClCompile Include="src\GameEngine\OpenGLHeightMapTexture.cpp">
      <Filter>Source Files\GameEngine\Renderer</Filter>
    </ClCompile>
    <ClCompile Include="src\GameEngine\VulkanFrameBuffer.cpp">
      <Filter>Source Files\GameEngine\Renderer</Filter>
    </ClCompile>
    <ClCompile Include="src\GameEngine\VulkanUtils.cpp">
      <Filter>Source Files\GameEngine\Renderer</Filter>
    </ClCompile>
    <ClCompile Include="src\GameEngine\VulkanTexture.cpp">
      <Filter>Source Files\GameEngine\Renderer</Filter>
    </ClCompile>
    <ClCompile Include="src\GameEngine\VkFinalPassShader.cpp">
      <Filter>Source Files\GameEngine\Renderer\Shader</Filter>
    </ClCompile>
  </ItemGroup>
  <ItemGroup>
    <Filter Include="Header Files">
      <UniqueIdentifier>{b1d92fff-9496-4065-98a9-f4e7baa8edae}</UniqueIdentifier>
    </Filter>
    <Filter Include="Source Files">
      <UniqueIdentifier>{81343cab-fc3d-4fd3-ad29-2adee45425ed}</UniqueIdentifier>
    </Filter>
    <Filter Include="Header Files\GameEngine">
      <UniqueIdentifier>{fd1afb78-b31f-4b41-a93d-14f070bc0e82}</UniqueIdentifier>
    </Filter>
    <Filter Include="Source Files\GameEngine">
      <UniqueIdentifier>{5f3b7636-e37b-4f9b-a39a-b8f704370ccf}</UniqueIdentifier>
    </Filter>
    <Filter Include="Header Files\GameEngine\Shader">
      <UniqueIdentifier>{a531f362-76d8-4fd9-ae5b-8f43acd23fe4}</UniqueIdentifier>
    </Filter>
    <Filter Include="Header Files\GameEngine\Components">
      <UniqueIdentifier>{b7907742-9000-4851-ae06-cc0b2065ef58}</UniqueIdentifier>
    </Filter>
    <Filter Include="Header Files\GameEngine\Components\Camera">
      <UniqueIdentifier>{f9b78e22-a4fc-4771-b914-c94dda599314}</UniqueIdentifier>
    </Filter>
    <Filter Include="Header Files\GameEngine\Components\Model">
      <UniqueIdentifier>{905df795-57ec-4210-acac-736a3fcd753b}</UniqueIdentifier>
    </Filter>
    <Filter Include="Source Files\GameEngine\Components">
      <UniqueIdentifier>{dd3ef1f5-0e4c-4a4a-9c2d-88a52cafd345}</UniqueIdentifier>
    </Filter>
    <Filter Include="Source Files\GameEngine\Components\Camera">
      <UniqueIdentifier>{6a06b53a-755b-471c-9081-dfc725408d10}</UniqueIdentifier>
    </Filter>
    <Filter Include="Source Files\GameEngine\Components\Model">
      <UniqueIdentifier>{5d59ef46-8f26-4c54-9492-d63512e631e1}</UniqueIdentifier>
    </Filter>
    <Filter Include="Header Files\GameEngine\Renderer">
      <UniqueIdentifier>{cb25d239-cde2-47d6-b36d-bd5ef1526f90}</UniqueIdentifier>
    </Filter>
    <Filter Include="Source Files\GameEngine\Renderer">
      <UniqueIdentifier>{8aeb3186-3dbb-47a2-b8bb-d86c91be75f8}</UniqueIdentifier>
    </Filter>
    <Filter Include="Source Files\GameEngine\Renderer\Shader">
      <UniqueIdentifier>{0e415067-cbb1-43f9-99e6-573fe22700cb}</UniqueIdentifier>
    </Filter>
    <Filter Include="Header Files\GameEngine\Renderer\Animation">
      <UniqueIdentifier>{307179bf-98a5-415f-bb89-30e6350d0f0c}</UniqueIdentifier>
    </Filter>
    <Filter Include="Source Files\GameEngine\User Interface">
      <UniqueIdentifier>{654d9722-5e21-4cba-93f7-e56e91530fc2}</UniqueIdentifier>
    </Filter>
    <Filter Include="Header Files\GameEngine\User Interface">
      <UniqueIdentifier>{a6753fdd-f9e8-42e3-af04-41130375adf5}</UniqueIdentifier>
    </Filter>
    <Filter Include="Header Files\GameEngine\Utils">
      <UniqueIdentifier>{b6252640-1ab3-4a5d-82e9-6c94741fbf9b}</UniqueIdentifier>
    </Filter>
    <Filter Include="Source Files\GameEngine\Utils">
      <UniqueIdentifier>{4a3e2160-adc3-4ccc-ad94-966ec9323431}</UniqueIdentifier>
    </Filter>
    <Filter Include="Header Files\GameEngine\Lighting">
      <UniqueIdentifier>{cf4ae2e1-ffc8-456d-8fb9-48253a6f95bb}</UniqueIdentifier>
    </Filter>
    <Filter Include="Source Files\GameEngine\Lighting">
      <UniqueIdentifier>{c513c64d-26bb-445c-90fd-294c2e953a0d}</UniqueIdentifier>
    </Filter>
    <Filter Include="Header Files\GameEngine\Components\BoundingVolumes">
      <UniqueIdentifier>{5528790b-ec10-451b-ab00-ddceea197cbf}</UniqueIdentifier>
    </Filter>
    <Filter Include="Source Files\GameEngine\Components\BoundingVolumes">
      <UniqueIdentifier>{f674d638-980d-4a95-88cb-3501d2f0367c}</UniqueIdentifier>
    </Filter>
    <Filter Include="Header Files\GameEngine\Components\Physics">
      <UniqueIdentifier>{234f6aac-64a6-4109-a801-96304df4aa60}</UniqueIdentifier>
    </Filter>
    <Filter Include="Source Files\GameEngine\Components\Physics">
      <UniqueIdentifier>{fc99fa1f-32aa-4ecf-aef9-a44f7d07a361}</UniqueIdentifier>
    </Filter>
    <Filter Include="Header Files\GameEngine\Shader\Vulkan">
      <UniqueIdentifier>{8d76f565-6b3c-4a60-b4d5-58bb2655bc32}</UniqueIdentifier>
    </Filter>
  </ItemGroup>
  <ItemGroup>
    <ClInclude Include="src\GameEngine\BarnabusGameEngine.h">
      <Filter>Header Files\GameEngine</Filter>
    </ClInclude>
    <ClInclude Include="src\GameEngine\Singleton.h">
      <Filter>Header Files\GameEngine</Filter>
    </ClInclude>
    <ClInclude Include="src\GameEngine\Transform.h">
      <Filter>Header Files\GameEngine</Filter>
    </ClInclude>
    <ClInclude Include="src\GameEngine\Camera.h">
      <Filter>Header Files\GameEngine\Components\Camera</Filter>
    </ClInclude>
    <ClInclude Include="src\GameEngine\FreeCamera.h">
      <Filter>Header Files\GameEngine\Components\Camera</Filter>
    </ClInclude>
    <ClInclude Include="src\GameEngine\GLShader.h">
      <Filter>Header Files\GameEngine\Shader</Filter>
    </ClInclude>
    <ClInclude Include="src\GameEngine\AnimatedModel.h">
      <Filter>Header Files\GameEngine\Components\Model</Filter>
    </ClInclude>
    <ClInclude Include="src\GameEngine\Model.h">
      <Filter>Header Files\GameEngine\Components\Model</Filter>
    </ClInclude>
    <ClInclude Include="src\GameEngine\MeshData.h">
      <Filter>Header Files\GameEngine\Renderer</Filter>
    </ClInclude>
    <ClInclude Include="src\GameEngine\Entity.h">
      <Filter>Header Files\GameEngine\Components</Filter>
    </ClInclude>
    <ClInclude Include="src\GameEngine\Animation.h">
      <Filter>Header Files\GameEngine\Renderer\Animation</Filter>
    </ClInclude>
    <ClInclude Include="src\GameEngine\Bone.h">
      <Filter>Header Files\GameEngine\Components\Model</Filter>
    </ClInclude>
    <ClInclude Include="src\GameEngine\NodeAnim.h">
      <Filter>Header Files\GameEngine\Components\Model</Filter>
    </ClInclude>
    <ClInclude Include="src\GameEngine\Node.h">
      <Filter>Header Files\GameEngine\Components\Model</Filter>
    </ClInclude>
    <ClInclude Include="src\GameEngine\Animator.h">
      <Filter>Header Files\GameEngine\Renderer\Animation</Filter>
    </ClInclude>
    <ClInclude Include="src\GameEngine\stb_image.h">
      <Filter>Header Files\GameEngine</Filter>
    </ClInclude>
    <ClInclude Include="src\GameEngine\ArcBallCamera.h">
      <Filter>Header Files\GameEngine\Components\Camera</Filter>
    </ClInclude>
    <ClInclude Include="src\GameEngine\Terrain.h">
      <Filter>Header Files\GameEngine\Components\Model</Filter>
    </ClInclude>
    <ClInclude Include="src\GameEngine\UiDisplay.h">
      <Filter>Header Files\GameEngine\User Interface</Filter>
    </ClInclude>
    <ClInclude Include="src\GameEngine\UiQuad.h">
      <Filter>Header Files\GameEngine\User Interface</Filter>
    </ClInclude>
    <ClInclude Include="src\GameEngine\FinalPassShader.h">
      <Filter>Header Files\GameEngine\Shader</Filter>
    </ClInclude>
    <ClInclude Include="src\GameEngine\StringLog.h">
      <Filter>Header Files\GameEngine\Utils</Filter>
    </ClInclude>
    <ClInclude Include="src\GameEngine\IGame.h">
      <Filter>Header Files\GameEngine</Filter>
    </ClInclude>
    <ClInclude Include="src\GameEngine\TextQuad.h">
      <Filter>Header Files\GameEngine\User Interface</Filter>
    </ClInclude>
    <ClInclude Include="src\GameEngine\Movement.h">
      <Filter>Header Files\GameEngine\Components</Filter>
    </ClInclude>
    <ClInclude Include="src\GameEngine\DirectionalLight.h">
      <Filter>Header Files\GameEngine\Lighting</Filter>
    </ClInclude>
    <ClInclude Include="src\GameEngine\Environment.h">
      <Filter>Header Files\GameEngine</Filter>
    </ClInclude>
    <ClInclude Include="src\GameEngine\Light.h">
      <Filter>Header Files\GameEngine\Lighting</Filter>
    </ClInclude>
    <ClInclude Include="src\GameEngine\IDayCycle.h">
      <Filter>Header Files\GameEngine</Filter>
    </ClInclude>
    <ClInclude Include="src\GameEngine\Material.h">
      <Filter>Header Files\GameEngine\Shader</Filter>
    </ClInclude>
    <ClInclude Include="src\GameEngine\BoundingBox.h">
      <Filter>Header Files\GameEngine\Components\BoundingVolumes</Filter>
    </ClInclude>
    <ClInclude Include="src\GameEngine\BoundingVolumes.h">
      <Filter>Header Files\GameEngine\Components\BoundingVolumes</Filter>
    </ClInclude>
    <ClInclude Include="src\GameEngine\PhysicsContainer.h">
      <Filter>Header Files\GameEngine\Components\Physics</Filter>
    </ClInclude>
    <ClInclude Include="src\GameEngine\OpenGLRenderer.h">
      <Filter>Header Files\GameEngine\Renderer</Filter>
    </ClInclude>
    <ClInclude Include="src\GameEngine\VulkanRenderer.h">
      <Filter>Header Files\GameEngine\Renderer</Filter>
    </ClInclude>
    <ClInclude Include="src\GameEngine\IShader.h">
      <Filter>Header Files\GameEngine\Shader</Filter>
    </ClInclude>
    <ClInclude Include="src\GameEngine\IRenderer.h">
      <Filter>Header Files\GameEngine\Renderer</Filter>
    </ClInclude>
    <ClInclude Include="src\GameEngine\IFramebuffer.h">
      <Filter>Header Files\GameEngine\Renderer</Filter>
    </ClInclude>
    <ClInclude Include="src\GameEngine\OpenGLFramebuffer.h">
      <Filter>Header Files\GameEngine\Renderer</Filter>
    </ClInclude>
    <ClInclude Include="src\GameEngine\ITexture.h">
      <Filter>Header Files\GameEngine\Renderer</Filter>
    </ClInclude>
    <ClInclude Include="src\GameEngine\OpenGLTexture.h">
      <Filter>Header Files\GameEngine\Renderer</Filter>
    </ClInclude>
    <ClInclude Include="src\GameEngine\OpenGLHeightMapTexture.h">
      <Filter>Header Files\GameEngine\Renderer</Filter>
    </ClInclude>
    <ClInclude Include="src\GameEngine\VulkanFrameBuffer.h">
      <Filter>Header Files\GameEngine\Renderer</Filter>
    </ClInclude>
    <ClInclude Include="src\GameEngine\VulkanUtils.h">
      <Filter>Header Files\GameEngine\Renderer</Filter>
    </ClInclude>
    <ClInclude Include="src\GameEngine\VulkanTexture.h">
      <Filter>Header Files\GameEngine\Renderer</Filter>
    </ClInclude>
    <ClInclude Include="src\GameEngine\VulkanShader.h">
      <Filter>Header Files\GameEngine\Shader\Vulkan</Filter>
    </ClInclude>
    <ClInclude Include="src\GameEngine\VkFinalPassShader.h">
      <Filter>Header Files\GameEngine\Shader\Vulkan</Filter>
    </ClInclude>
  </ItemGroup>
</Project>