<?xml version="1.0" encoding="utf-8"?>
<Project ToolsVersion="4.0" xmlns="http://schemas.microsoft.com/developer/msbuild/2003">
  <ItemGroup>
    <Filter Include="Source Files">
      <UniqueIdentifier>{4FC737F1-C7A5-4376-A066-2A32D752A2FF}</UniqueIdentifier>
      <Extensions>cpp;c;cc;cxx;def;odl;idl;hpj;bat;asm;asmx</Extensions>
    </Filter>
    <Filter Include="Header Files">
      <UniqueIdentifier>{93995380-89BD-4b04-88EB-625FBE52EBFB}</UniqueIdentifier>
      <Extensions>h;hh;hpp;hxx;hm;inl;inc;ipp;xsd</Extensions>
    </Filter>
    <Filter Include="Resource Files">
      <UniqueIdentifier>{67DA6AB6-F800-4c08-8B7A-83BB121AAD01}</UniqueIdentifier>
      <Extensions>rc;ico;cur;bmp;dlg;rc2;rct;bin;rgs;gif;jpg;jpeg;jpe;resx;tiff;tif;png;wav;mfcribbon-ms</Extensions>
    </Filter>
    <Filter Include="Header Files\User Interface">
      <UniqueIdentifier>{65f033b4-20f7-489c-9261-436f42c781e5}</UniqueIdentifier>
    </Filter>
    <Filter Include="Source Files\User Interface">
      <UniqueIdentifier>{4d58e4b9-9dd6-412e-af78-69edd1613d84}</UniqueIdentifier>
    </Filter>
    <Filter Include="Resource Files\Shaders">
      <UniqueIdentifier>{0ef24028-90e2-4182-907b-f3afa78734f2}</UniqueIdentifier>
    </Filter>
    <Filter Include="Resource Files\Shaders\Vulkan">
      <UniqueIdentifier>{4ebfbfa4-94e0-43ec-92f3-a8f6bce407c8}</UniqueIdentifier>
    </Filter>
    <Filter Include="Header Files\Shaders">
      <UniqueIdentifier>{56a5b96c-4324-4a76-a0fe-5282f941c8ef}</UniqueIdentifier>
    </Filter>
    <Filter Include="Header Files\Factories">
      <UniqueIdentifier>{41cdc1b1-c66d-48cc-9151-903062655b51}</UniqueIdentifier>
    </Filter>
    <Filter Include="Header Files\Shaders\Vulkan">
      <UniqueIdentifier>{bace5d8d-428c-4faf-86dd-ebbf31c851db}</UniqueIdentifier>
    </Filter>
    <Filter Include="Source Files\Shaders">
      <UniqueIdentifier>{9ef00ff0-abb2-42f4-bf68-adf2dec98606}</UniqueIdentifier>
    </Filter>
    <Filter Include="Source Files\Shaders\Vulkan">
      <UniqueIdentifier>{b995e007-8014-4a54-af63-ad0c862ae26a}</UniqueIdentifier>
    </Filter>
  </ItemGroup>
  <ItemGroup>
    <ClCompile Include="src\BarnabusGame.cpp">
      <Filter>Source Files</Filter>
    </ClCompile>
    <ClCompile Include="src\Main.cpp">
      <Filter>Source Files</Filter>
    </ClCompile>
    <ClCompile Include="src\GameUi.cpp">
      <Filter>Source Files\User Interface</Filter>
    </ClCompile>
    <ClCompile Include="src\MainEnvironment.cpp">
      <Filter>Source Files</Filter>
    </ClCompile>
    <ClCompile Include="src\AnimationShader.cpp">
      <Filter>Source Files\Shaders</Filter>
    </ClCompile>
    <ClCompile Include="src\FontShader.cpp">
      <Filter>Source Files\Shaders</Filter>
    </ClCompile>
    <ClCompile Include="src\TerrainShader.cpp">
      <Filter>Source Files\Shaders</Filter>
    </ClCompile>
    <ClCompile Include="src\UiShader.cpp">
      <Filter>Source Files\Shaders</Filter>
    </ClCompile>
    <ClCompile Include="src\BasicShader.cpp">
      <Filter>Source Files\Shaders</Filter>
    </ClCompile>
    <ClCompile Include="src\VkBasicShader.cpp">
      <Filter>Source Files\Shaders\Vulkan</Filter>
    </ClCompile>
    <ClCompile Include="src\VkTerrainShader.cpp">
      <Filter>Source Files\Shaders\Vulkan</Filter>
    </ClCompile>
  </ItemGroup>
  <ItemGroup>
    <ClInclude Include="src\BarnabusGame.h">
      <Filter>Header Files</Filter>
    </ClInclude>
    <ClInclude Include="src\GameUi.h">
      <Filter>Header Files\User Interface</Filter>
    </ClInclude>
    <ClInclude Include="src\MainEnvironment.h">
      <Filter>Header Files</Filter>
    </ClInclude>
    <ClInclude Include="src\AnimationShader.h">
      <Filter>Header Files\Shaders</Filter>
    </ClInclude>
    <ClInclude Include="src\FontShader.h">
      <Filter>Header Files\Shaders</Filter>
    </ClInclude>
    <ClInclude Include="src\TerrainShader.h">
      <Filter>Header Files\Shaders</Filter>
    </ClInclude>
    <ClInclude Include="src\UiShader.h">
      <Filter>Header Files\Shaders</Filter>
    </ClInclude>
    <ClInclude Include="src\EntityFactory.h">
      <Filter>Header Files\Factories</Filter>
    </ClInclude>
    <ClInclude Include="src\ShaderFactory.h">
      <Filter>Header Files\Factories</Filter>
    </ClInclude>
    <ClInclude Include="src\VkBasicShader.h">
      <Filter>Header Files\Shaders\Vulkan</Filter>
    </ClInclude>
    <ClInclude Include="src\VkTerrainShader.h">
      <Filter>Header Files\Shaders\Vulkan</Filter>
    </ClInclude>
    <ClInclude Include="src\VkFontShader.h">
      <Filter>Header Files\Shaders\Vulkan</Filter>
    </ClInclude>
    <ClInclude Include="src\VkUIShader.h">
      <Filter>Header Files\Shaders\Vulkan</Filter>
    </ClInclude>
    <ClInclude Include="src\BasicShader.h">
      <Filter>Header Files\Shaders</Filter>
    </ClInclude>
    <ClInclude Include="src\VkAnimationShader.h">
      <Filter>Header Files\Shaders\Vulkan</Filter>
    </ClInclude>
  </ItemGroup>
  <ItemGroup>
    <None Include="res\Shaders\BasicAnimation.vert">
      <Filter>Resource Files\Shaders</Filter>
    </None>
    <None Include="res\Shaders\Red.frag">
      <Filter>Resource Files\Shaders</Filter>
    </None>
    <None Include="res\Shaders\Red.vert">
      <Filter>Resource Files\Shaders</Filter>
    </None>
    <None Include="res\Shaders\BasicAnimation.frag">
      <Filter>Resource Files\Shaders</Filter>
    </None>
    <None Include="res\Shaders\Terrain.frag">
      <Filter>Resource Files\Shaders</Filter>
    </None>
    <None Include="res\Shaders\Terrain.vert">
      <Filter>Resource Files\Shaders</Filter>
    </None>
    <None Include="res\Shaders\Vulkan\VkRed.frag">
      <Filter>Resource Files\Shaders\Vulkan</Filter>
    </None>
    <None Include="res\Shaders\Vulkan\VkRed.vert">
      <Filter>Resource Files\Shaders\Vulkan</Filter>
    </None>
    <None Include="res\Shaders\Vulkan\VkTerrain.frag">
      <Filter>Resource Files\Shaders\Vulkan</Filter>
    </None>
    <None Include="res\Shaders\Vulkan\VkTerrain.vert">
      <Filter>Resource Files\Shaders\Vulkan</Filter>
    </None>
  </ItemGroup>
</Project>