<?xml version="1.0" encoding="utf-8"?>
<Project ToolsVersion="4.0" xmlns="http://schemas.microsoft.com/developer/msbuild/2003">
  <ItemGroup>
    <Filter Include="Source Files">
      <UniqueIdentifier>{4FC737F1-C7A5-4376-A066-2A32D752A2FF}</UniqueIdentifier>
      <Extensions>cpp;c;cc;cxx;def;odl;idl;hpj;bat;asm;asmx</Extensions>
    </Filter>
    <Filter Include="Header Files">
      <UniqueIdentifier>{93995380-89BD-4b04-88EB-625FBE52EBFB}</UniqueIdentifier>
      <Extensions>h;hh;hpp;hxx;hm;inl;inc;ipp;xsd</Extensions>
    </Filter>
    <Filter Include="Resource Files">
      <UniqueIdentifier>{67DA6AB6-F800-4c08-8B7A-83BB121AAD01}</UniqueIdentifier>
      <Extensions>rc;ico;cur;bmp;dlg;rc2;rct;bin;rgs;gif;jpg;jpeg;jpe;resx;tiff;tif;png;wav;mfcribbon-ms</Extensions>
    </Filter>
    <Filter Include="Header Files\User Interface">
      <UniqueIdentifier>{65f033b4-20f7-489c-9261-436f42c781e5}</UniqueIdentifier>
    </Filter>
    <Filter Include="Source Files\User Interface">
      <UniqueIdentifier>{4d58e4b9-9dd6-412e-af78-69edd1613d84}</UniqueIdentifier>
    </Filter>
    <Filter Include="Resource Files\Shaders">
      <UniqueIdentifier>{0ef24028-90e2-4182-907b-f3afa78734f2}</UniqueIdentifier>
    </Filter>
  </ItemGroup>
  <ItemGroup>
    <ClCompile Include="src\AnimationShader.cpp">
      <Filter>Source Files</Filter>
    </ClCompile>
    <ClCompile Include="src\BarnabusGame.cpp">
      <Filter>Source Files</Filter>
    </ClCompile>
    <ClCompile Include="src\RedShader.cpp">
      <Filter>Source Files</Filter>
    </ClCompile>
    <ClCompile Include="src\Main.cpp">
      <Filter>Source Files</Filter>
    </ClCompile>
    <ClCompile Include="src\HeightShader.cpp">
      <Filter>Source Files</Filter>
    </ClCompile>
    <ClCompile Include="src\GameUi.cpp">
      <Filter>Source Files\User Interface</Filter>
    </ClCompile>
    <ClCompile Include="src\UiShader.cpp">
      <Filter>Source Files</Filter>
    </ClCompile>
  </ItemGroup>
  <ItemGroup>
    <ClInclude Include="src\AnimationShader.h">
      <Filter>Header Files</Filter>
    </ClInclude>
    <ClInclude Include="src\BarnabusGame.h">
      <Filter>Header Files</Filter>
    </ClInclude>
    <ClInclude Include="src\RedShader.h">
      <Filter>Header Files</Filter>
    </ClInclude>
    <ClInclude Include="src\HeightShader.h">
      <Filter>Header Files</Filter>
    </ClInclude>
    <ClInclude Include="src\GameUi.h">
      <Filter>Header Files\User Interface</Filter>
    </ClInclude>
    <ClInclude Include="src\UiShader.h">
      <Filter>Header Files</Filter>
    </ClInclude>
  </ItemGroup>
  <ItemGroup>
    <None Include="res\Shaders\BasicAnimation.vert">
      <Filter>Resource Files\Shaders</Filter>
    </None>
    <None Include="res\Shaders\Height.frag">
      <Filter>Resource Files\Shaders</Filter>
    </None>
    <None Include="res\Shaders\Height.vert">
      <Filter>Resource Files\Shaders</Filter>
    </None>
    <None Include="res\Shaders\Red.frag">
      <Filter>Resource Files\Shaders</Filter>
    </None>
    <None Include="res\Shaders\Red.vert">
      <Filter>Resource Files\Shaders</Filter>
    </None>
    <None Include="res\Shaders\BasicAnimation.frag">
      <Filter>Resource Files\Shaders</Filter>
    </None>
  </ItemGroup>
</Project>